PODS:
  - BaiduMapKit/Base (6.5.5)
  - BaiduMapKit/Map (6.5.5):
    - BaiduMapKit/Base
  - BaiduMapKit/Search (6.5.5):
    - BaiduMapKit/Base
  - BaiduMapKit/Utils (6.5.5):
    - BaiduMapKit/Base
  - BMKLocationKit (2.0.7)
  - device_info (0.0.1):
    - Flutter
  - device_info_plus (0.0.1):
    - Flutter
  - Flutter (1.0.0)
  - flutter_baidu_mapapi_base (3.3.1):
    - BaiduMapKit/Utils (= 6.5.5)
    - Flutter
  - flutter_baidu_mapapi_map (3.3.1):
    - BaiduMapKit/Map (= 6.5.5)
    - Flutter
    - flutter_baidu_mapapi_base
  - flutter_baidu_mapapi_search (3.3.1):
    - BaiduMapKit/Search (= 6.5.5)
    - Flutter
    - flutter_baidu_mapapi_base
  - flutter_baidu_mapapi_utils (3.3.1):
    - BaiduMapKit/Utils (= 6.5.5)
    - Flutter
    - flutter_baidu_mapapi_base
  - flutter_bmflocation (3.3.1):
    - BMKLocationKit (~> 2.0.4)
    - Flutter
  - flutter_native_splash (0.0.1):
    - Flutter
  - fluttertoast (0.0.2):
    - Flutter
    - Toast
  - FMDB (2.7.5):
    - FMDB/standard (= 2.7.5)
  - FMDB/standard (2.7.5)
  - JCore (4.2.0)
  - JPush (5.0.0):
    - JCore (>= 2.0.0)
  - jpush_flutter (0.0.2):
    - Flutter
    - JCore (= 4.2.0)
    - JPush (= 5.0.0)
  - path_provider_foundation (0.0.1):
    - Flutter
    - FlutterMacOS
  - permission_handler_apple (9.0.4):
    - Flutter
  - shared_preferences_foundation (0.0.1):
    - Flutter
    - FlutterMacOS
  - sqflite (0.0.2):
    - Flutter
    - FMDB (>= 2.7.5)
  - Toast (4.0.0)
  - url_launcher_ios (0.0.1):
    - Flutter
  - webview_flutter_wkwebview (0.0.1):
    - Flutter

DEPENDENCIES:
  - device_info (from `.symlinks/plugins/device_info/ios`)
  - device_info_plus (from `.symlinks/plugins/device_info_plus/ios`)
  - Flutter (from `Flutter`)
  - flutter_baidu_mapapi_base (from `.symlinks/plugins/flutter_baidu_mapapi_base/ios`)
  - flutter_baidu_mapapi_map (from `.symlinks/plugins/flutter_baidu_mapapi_map/ios`)
  - flutter_baidu_mapapi_search (from `.symlinks/plugins/flutter_baidu_mapapi_search/ios`)
  - flutter_baidu_mapapi_utils (from `.symlinks/plugins/flutter_baidu_mapapi_utils/ios`)
  - flutter_bmflocation (from `.symlinks/plugins/flutter_bmflocation/ios`)
  - flutter_native_splash (from `.symlinks/plugins/flutter_native_splash/ios`)
  - fluttertoast (from `.symlinks/plugins/fluttertoast/ios`)
  - jpush_flutter (from `.symlinks/plugins/jpush_flutter/ios`)
  - path_provider_foundation (from `.symlinks/plugins/path_provider_foundation/ios`)
  - permission_handler_apple (from `.symlinks/plugins/permission_handler_apple/ios`)
  - shared_preferences_foundation (from `.symlinks/plugins/shared_preferences_foundation/ios`)
  - sqflite (from `.symlinks/plugins/sqflite/ios`)
  - url_launcher_ios (from `.symlinks/plugins/url_launcher_ios/ios`)
  - webview_flutter_wkwebview (from `.symlinks/plugins/webview_flutter_wkwebview/ios`)

SPEC REPOS:
  trunk:
    - BaiduMapKit
    - BMKLocationKit
    - FMDB
    - JCore
    - JPush
    - Toast

EXTERNAL SOURCES:
  device_info:
    :path: ".symlinks/plugins/device_info/ios"
  device_info_plus:
    :path: ".symlinks/plugins/device_info_plus/ios"
  Flutter:
    :path: Flutter
  flutter_baidu_mapapi_base:
    :path: ".symlinks/plugins/flutter_baidu_mapapi_base/ios"
  flutter_baidu_mapapi_map:
    :path: ".symlinks/plugins/flutter_baidu_mapapi_map/ios"
  flutter_baidu_mapapi_search:
    :path: ".symlinks/plugins/flutter_baidu_mapapi_search/ios"
  flutter_baidu_mapapi_utils:
    :path: ".symlinks/plugins/flutter_baidu_mapapi_utils/ios"
  flutter_bmflocation:
    :path: ".symlinks/plugins/flutter_bmflocation/ios"
  flutter_native_splash:
    :path: ".symlinks/plugins/flutter_native_splash/ios"
  fluttertoast:
    :path: ".symlinks/plugins/fluttertoast/ios"
  jpush_flutter:
    :path: ".symlinks/plugins/jpush_flutter/ios"
  path_provider_foundation:
    :path: ".symlinks/plugins/path_provider_foundation/ios"
  permission_handler_apple:
    :path: ".symlinks/plugins/permission_handler_apple/ios"
  shared_preferences_foundation:
    :path: ".symlinks/plugins/shared_preferences_foundation/ios"
  sqflite:
    :path: ".symlinks/plugins/sqflite/ios"
  url_launcher_ios:
    :path: ".symlinks/plugins/url_launcher_ios/ios"
  webview_flutter_wkwebview:
    :path: ".symlinks/plugins/webview_flutter_wkwebview/ios"

SPEC CHECKSUMS:
  BaiduMapKit: 3b79c1d77521fddfebfd62a5ab4663740bee5784
  BMKLocationKit: a68845e2771bb3028feb638186d96124f4f142cd
  device_info: d7d233b645a32c40dfdc212de5cf646ca482f175
  device_info_plus: e5c5da33f982a436e103237c0c85f9031142abed
  Flutter: 50d75fe2f02b26cc09d224853bb45737f8b3214a
  flutter_baidu_mapapi_base: c9e6042078fbe64edc103393f3ed723ab59d8cf2
  flutter_baidu_mapapi_map: f2d7fa053404b833918b97a8b685d058fd82bfdb
  flutter_baidu_mapapi_search: 7a92f9a8c9b480358eaa2c3bfe2bed2e13a005ac
  flutter_baidu_mapapi_utils: e843f27e39cc368e0891881561a242716d34629d
  flutter_bmflocation: d9349d0de769fc2fa6b665556577c92221403e53
  flutter_native_splash: 52501b97d1c0a5f898d687f1646226c1f93c56ef
  fluttertoast: 16fbe6039d06a763f3533670197d01fc73459037
  FMDB: 2ce00b547f966261cd18927a3ddb07cb6f3db82a
  JCore: ea09330f4b5b5031f37c40cf6facc669ffc172be
  JPush: 4f1c88acfd13660b8e128bd7e4c56bb115f35e06
  jpush_flutter: d3b70542430de253c82a8b8f7c72d6fc6d16c913
  path_provider_foundation: c68054786f1b4f3343858c1e1d0caaded73f0be9
  permission_handler_apple: 44366e37eaf29454a1e7b1b7d736c2cceaeb17ce
  shared_preferences_foundation: 986fc17f3d3251412d18b0265f9c64113a8c2472
  sqflite: 6d358c025f5b867b29ed92fc697fd34924e11904
  Toast: 91b396c56ee72a5790816f40d3a94dd357abc196
  url_launcher_ios: ae1517e5e344f5544fb090b079e11f399dfbe4d2
  webview_flutter_wkwebview: b7e70ef1ddded7e69c796c7390ee74180182971f

PODFILE CHECKSUM: aafe91acc616949ddb318b77800a7f51bffa2a4c

COCOAPODS: 1.11.3
